
Microsoft Visual Studio Solution File, Format Version 12.00
# Visual Studio 15
VisualStudioVersion = 15.0.28307.421
MinimumVisualStudioVersion = 10.0.40219.1
Project("{FAE04EC0-301F-11D3-BF4B-00C04F79EFBC}") = "WPFTaskManager", "WPFTaskManager\WPFTaskManager.csproj", "{655DDEB7-DCDC-4F61-B35C-4AF11849D08D}"
EndProject
Global
	GlobalSection(SolutionConfigurationPlatforms) = preSolution
		Debug|Any CPU = Debug|Any CPU
		Release|Any CPU = Release|Any CPU
	EndGlobalSection
	GlobalSection(ProjectConfigurationPlatforms) = postSolution
		{655DDEB7-DCDC-4F61-B35C-4AF11849D08D}.Debug|Any CPU.ActiveCfg = Debug|Any CPU
		{655DDEB7-DCDC-4F61-B35C-4AF11849D08D}.Debug|Any CPU.Build.0 = Debug|Any CPU
		{655DDEB7-DCDC-4F61-B35C-4AF11849D08D}.Release|Any CPU.ActiveCfg = Release|Any CPU
		{655DDEB7-DCDC-4F61-B35C-4AF11849D08D}.Release|Any CPU.Build.0 = Release|Any CPU
	EndGlobalSection
	GlobalSection(SolutionProperties) = preSolution
		HideSolutionNode = FALSE
	EndGlobalSection
	GlobalSection(ExtensibilityGlobals) = postSolution
		SolutionGuid = {BC2FF2D1-5024-49E5-9C05-2A0B0181B561}
	EndGlobalSection
EndGlobal
